<?xml version="1.0" encoding="utf-8"?>
<Project ToolsVersion="4.0" xmlns="http://schemas.microsoft.com/developer/msbuild/2003">
  <ItemGroup>
    <ClCompile Include="Source\FZApp.cpp">
      <Filter>Source</Filter>
    </ClCompile>
    <ClCompile Include="Source\playground.cpp">
      <Filter>Source</Filter>
    </ClCompile>
    <ClCompile Include="Source\stdafx.cpp">
      <Filter>Source</Filter>
    </ClCompile>
    <ClCompile Include="Source\Renderer2D\Renderer2D.cpp">
      <Filter>Source\Renderer2D</Filter>
    </ClCompile>
    <ClCompile Include="Source\Renderer2D\ShaderProgram.cpp">
      <Filter>Source\Renderer2D</Filter>
    </ClCompile>
    <ClCompile Include="Source\Resource Manager\Resource.cpp">
      <Filter>Source\Resource Manager</Filter>
    </ClCompile>
    <ClCompile Include="Source\Resource Manager\ResourceManager.cpp">
      <Filter>Source\Resource Manager</Filter>
    </ClCompile>
    <ClCompile Include="Source\Renderer2D\FontManager.cpp">
      <Filter>Source\Renderer2D</Filter>
    </ClCompile>
    <ClCompile Include="Source\Renderer2D\Font.cpp">
      <Filter>Source\Renderer2D</Filter>
    </ClCompile>
  </ItemGroup>
  <ItemGroup>
    <ClInclude Include="Source\FZApp.h">
      <Filter>Headers</Filter>
    </ClInclude>
    <ClInclude Include="Source\stdafx.h">
      <Filter>Headers</Filter>
    </ClInclude>
    <ClInclude Include="Source\targetver.h">
      <Filter>Headers</Filter>
    </ClInclude>
    <ClInclude Include="Source\Renderer2D\Renderer2D.h">
      <Filter>Headers\Renderer2D</Filter>
    </ClInclude>
    <ClInclude Include="Source\Renderer2D\ShaderProgram.h">
      <Filter>Headers\Renderer2D</Filter>
    </ClInclude>
    <ClInclude Include="Source\Renderer2D\Vertex.h">
      <Filter>Headers\Renderer2D</Filter>
    </ClInclude>
    <ClInclude Include="Source\Renderer2D\SpriteInfo.h">
      <Filter>Headers\Renderer2D</Filter>
    </ClInclude>
    <ClInclude Include="Source\Resource Manager\Resource.h">
      <Filter>Headers\Resource Manager</Filter>
    </ClInclude>
    <ClInclude Include="Source\Resource Manager\ResourceManager.h">
      <Filter>Headers\Resource Manager</Filter>
    </ClInclude>
    <ClInclude Include="Source\Renderer2D\FontManager.h">
      <Filter>Headers\Renderer2D</Filter>
    </ClInclude>
    <ClInclude Include="Source\Renderer2D\Font.h">
      <Filter>Headers\Renderer2D</Filter>
    </ClInclude>
  </ItemGroup>
  <ItemGroup>
    <Image Include="Assets\thing.png">
      <Filter>Assets</Filter>
    </Image>
    <Image Include="Assets\thing2.png">
      <Filter>Assets</Filter>
    </Image>
  </ItemGroup>
  <ItemGroup>
    <Text Include="ReadMe.txt" />
  </ItemGroup>
  <ItemGroup>
    <Filter Include="Headers">
      <UniqueIdentifier>{7a775834-26a1-4966-9bb5-a6e086fbfe94}</UniqueIdentifier>
    </Filter>
    <Filter Include="Source">
      <UniqueIdentifier>{60a15af9-19af-4c2e-b793-674fc3eaf237}</UniqueIdentifier>
    </Filter>
    <Filter Include="Assets">
      <UniqueIdentifier>{a566cbd5-d72a-44f3-8325-bdfff6f8ee64}</UniqueIdentifier>
    </Filter>
    <Filter Include="Headers\Renderer2D">
      <UniqueIdentifier>{2c8e1de9-0b42-4c99-ba58-547a55977a0c}</UniqueIdentifier>
    </Filter>
    <Filter Include="Headers\Resource Manager">
      <UniqueIdentifier>{3c84e8da-487e-4b38-ae74-64b255ef7e59}</UniqueIdentifier>
    </Filter>
    <Filter Include="Source\Renderer2D">
      <UniqueIdentifier>{60250270-c791-4075-850f-4c6126523aaf}</UniqueIdentifier>
    </Filter>
    <Filter Include="Source\Resource Manager">
      <UniqueIdentifier>{177288e4-81cb-42ba-a1c5-4f2e27e3f335}</UniqueIdentifier>
    </Filter>
  </ItemGroup>
  <ItemGroup>
    <Font Include="Assets\Arial.ttf">
      <Filter>Assets</Filter>
    </Font>
  </ItemGroup>
  <ItemGroup>
    <None Include="Assets\FragmentShader.glsl">
      <Filter>Assets</Filter>
    </None>
    <None Include="Assets\VertexShader.glsl">
      <Filter>Assets</Filter>
    </None>
  </ItemGroup>
</Project>