<?xml version="1.0" encoding="utf-8"?>
<Project ToolsVersion="4.0" xmlns="http://schemas.microsoft.com/developer/msbuild/2003">
  <ItemGroup>
    <ClCompile Include="Source\FZApp.cpp">
      <Filter>Source</Filter>
    </ClCompile>
    <ClCompile Include="Source\playground.cpp">
      <Filter>Source</Filter>
    </ClCompile>
    <ClCompile Include="Source\Renderer2D\Renderer2D.cpp">
      <Filter>Source</Filter>
    </ClCompile>
    <ClCompile Include="Source\Resource Manager\ResourceManager.cpp">
      <Filter>Source</Filter>
    </ClCompile>
    <ClCompile Include="Source\Resource Manager\Resource.cpp">
      <Filter>Source</Filter>
    </ClCompile>
    <ClCompile Include="Source\Renderer2D\ShaderProgram.cpp">
      <Filter>Source</Filter>
    </ClCompile>
    <ClCompile Include="Source\stdafx.cpp">
      <Filter>Source</Filter>
    </ClCompile>
  </ItemGroup>
  <ItemGroup>
    <ClInclude Include="Source\FZApp.h">
      <Filter>Headers</Filter>
    </ClInclude>
    <ClInclude Include="Source\stdafx.h">
      <Filter>Headers</Filter>
    </ClInclude>
    <ClInclude Include="Source\Renderer2D\Renderer2D.h">
      <Filter>Headers</Filter>
    </ClInclude>
    <ClInclude Include="Source\Resource Manager\Resource.h">
      <Filter>Headers</Filter>
    </ClInclude>
    <ClInclude Include="Source\Resource Manager\ResourceManager.h">
      <Filter>Headers</Filter>
    </ClInclude>
    <ClInclude Include="Source\Renderer2D\ShaderProgram.h">
      <Filter>Headers</Filter>
    </ClInclude>
    <ClInclude Include="Source\Renderer2D\SpriteInfo.h">
      <Filter>Headers</Filter>
    </ClInclude>
    <ClInclude Include="Source\Renderer2D\Vertex.h">
      <Filter>Headers</Filter>
    </ClInclude>
    <ClInclude Include="Source\targetver.h">
      <Filter>Headers</Filter>
    </ClInclude>
  </ItemGroup>
  <ItemGroup>
    <Image Include="Assets\thing.png">
      <Filter>Assets</Filter>
    </Image>
    <Image Include="Assets\thing2.png">
      <Filter>Assets</Filter>
    </Image>
  </ItemGroup>
  <ItemGroup>
    <Text Include="ReadMe.txt" />
  </ItemGroup>
  <ItemGroup>
    <Filter Include="Headers">
      <UniqueIdentifier>{7a775834-26a1-4966-9bb5-a6e086fbfe94}</UniqueIdentifier>
    </Filter>
    <Filter Include="Source">
      <UniqueIdentifier>{60a15af9-19af-4c2e-b793-674fc3eaf237}</UniqueIdentifier>
    </Filter>
    <Filter Include="Assets">
      <UniqueIdentifier>{a566cbd5-d72a-44f3-8325-bdfff6f8ee64}</UniqueIdentifier>
    </Filter>
  </ItemGroup>
</Project>
